
Microsoft Visual Studio Solution File, Format Version 12.00
# Visual Studio Version 17
VisualStudioVersion = 17.4.33213.308
MinimumVisualStudioVersion = 10.0.40219.1
Project("{FAE04EC0-301F-11D3-BF4B-00C04F79EFBC}") = "FluentApiStudent", "FluentApiStudent\FluentApiStudent.csproj", "{C626E4A2-66B7-4629-9AC7-02D8CA89CFBC}"
EndProject
Global
	GlobalSection(SolutionConfigurationPlatforms) = preSolution
		Debug|Any CPU = Debug|Any CPU
		Release|Any CPU = Release|Any CPU
	EndGlobalSection
	GlobalSection(ProjectConfigurationPlatforms) = postSolution
		{C626E4A2-66B7-4629-9AC7-02D8CA89CFBC}.Debug|Any CPU.ActiveCfg = Debug|Any CPU
		{C626E4A2-66B7-4629-9AC7-02D8CA89CFBC}.Debug|Any CPU.Build.0 = Debug|Any CPU
		{C626E4A2-66B7-4629-9AC7-02D8CA89CFBC}.Release|Any CPU.ActiveCfg = Release|Any CPU
		{C626E4A2-66B7-4629-9AC7-02D8CA89CFBC}.Release|Any CPU.Build.0 = Release|Any CPU
	EndGlobalSection
	GlobalSection(SolutionProperties) = preSolution
		HideSolutionNode = FALSE
	EndGlobalSection
	GlobalSection(ExtensibilityGlobals) = postSolution
		SolutionGuid = {AA05BDCF-E483-42F5-A4C7-BA03A8079E0B}
	EndGlobalSection
EndGlobal
